Mirror in progress since Sat, 24 Nov 2012 23:03:58 .. please wait!
winhttrack -qwC2%Ps2u1%s%uN0%I0p3DaK0H0%kf2A25000%f#f -F "Mozilla/4.5 (compatible; HTTrack 3.0x; Windows 98)" -%F "<!-- Mirrored from %s%s by HTTrack Website Copier/3.x [XR&CO'2010], %s -->" -%l "it, en, *" http:www.babele.org -O1 "C:\Users\Marco\Pictures\SITI\babele.org nov 2012\public_html\babele.org" +*.png +*.gif +*.jpg +*.css +*.js -ad.doubleclick.net/* -mime:application/foobar 
To pause the engine: create an empty file named 'hts-stop.lock'
PID=1088
START=1353794638
